// !$*UTF8*$!
{
	archiveVersion = 1;
	classes = {
	};
	objectVersion = 56;
	objects = {

/* Begin PBXBuildFile section */
		5E6AAFB62BCC3FD100EADFF3 /* AppDelegate.swift in Sources */ = {isa = PBXBuildFile; fileRef = 5E6AAFB52BCC3FD100EADFF3 /* AppDelegate.swift */; };
		5E6AAFB82BCC3FD100EADFF3 /* SceneDelegate.swift in Sources */ = {isa = PBXBuildFile; fileRef = 5E6AAFB72BCC3FD100EADFF3 /* SceneDelegate.swift */; };
		5E6AAFBF2BCC3FD300EADFF3 /* Assets.xcassets in Resources */ = {isa = PBXBuildFile; fileRef = 5E6AAFBE2BCC3FD300EADFF3 /* Assets.xcassets */; };
		5E6AAFCD2BCC3FD300EADFF3 /* Avito2024Tests.swift in Sources */ = {isa = PBXBuildFile; fileRef = 5E6AAFCC2BCC3FD300EADFF3 /* Avito2024Tests.swift */; };
		5E6AAFD72BCC3FD300EADFF3 /* Avito2024UITests.swift in Sources */ = {isa = PBXBuildFile; fileRef = 5E6AAFD62BCC3FD300EADFF3 /* Avito2024UITests.swift */; };
		5E6AAFE72BCC402500EADFF3 /* MediaItem.swift in Sources */ = {isa = PBXBuildFile; fileRef = 5E6AAFE62BCC402500EADFF3 /* MediaItem.swift */; };
		5E6AAFEA2BCC404100EADFF3 /* SearchViewController.swift in Sources */ = {isa = PBXBuildFile; fileRef = 5E6AAFE92BCC404100EADFF3 /* SearchViewController.swift */; };
		5E6AAFEC2BCC405100EADFF3 /* DetailViewController.swift in Sources */ = {isa = PBXBuildFile; fileRef = 5E6AAFEB2BCC405100EADFF3 /* DetailViewController.swift */; };
		5E6AAFEF2BCC406B00EADFF3 /* SearchResultCell.swift in Sources */ = {isa = PBXBuildFile; fileRef = 5E6AAFEE2BCC406B00EADFF3 /* SearchResultCell.swift */; };
		5E6AAFF22BCC408500EADFF3 /* NetworkService.swift in Sources */ = {isa = PBXBuildFile; fileRef = 5E6AAFF12BCC408500EADFF3 /* NetworkService.swift */; };
		5E6AAFF42BCC409400EADFF3 /* loadImage.swift in Sources */ = {isa = PBXBuildFile; fileRef = 5E6AAFF32BCC409400EADFF3 /* loadImage.swift */; };
		5E6AAFF62BCC40B200EADFF3 /* Constants.swift in Sources */ = {isa = PBXBuildFile; fileRef = 5E6AAFF52BCC40B200EADFF3 /* Constants.swift */; };
/* End PBXBuildFile section */

/* Begin PBXContainerItemProxy section */
		5E6AAFC92BCC3FD300EADFF3 /* PBXContainerItemProxy */ = {
			isa = PBXContainerItemProxy;
			containerPortal = 5E6AAFAA2BCC3FD100EADFF3 /* Project object */;
			proxyType = 1;
			remoteGlobalIDString = 5E6AAFB12BCC3FD100EADFF3;
			remoteInfo = Avito2024;
		};
		5E6AAFD32BCC3FD300EADFF3 /* PBXContainerItemProxy */ = {
			isa = PBXContainerItemProxy;
			containerPortal = 5E6AAFAA2BCC3FD100EADFF3 /* Project object */;
			proxyType = 1;
			remoteGlobalIDString = 5E6AAFB12BCC3FD100EADFF3;
			remoteInfo = Avito2024;
		};
/* End PBXContainerItemProxy section */

/* Begin PBXFileReference section */
		5E6AAFB22BCC3FD100EADFF3 /* Avito2024.app */ = {isa = PBXFileReference; explicitFileType = wrapper.application; includeInIndex = 0; path = Avito2024.app; sourceTree = BUILT_PRODUCTS_DIR; };
		5E6AAFB52BCC3FD100EADFF3 /* AppDelegate.swift */ = {isa = PBXFileReference; lastKnownFileType = sourcecode.swift; path = AppDelegate.swift; sourceTree = "<group>"; };
		5E6AAFB72BCC3FD100EADFF3 /* SceneDelegate.swift */ = {isa = PBXFileReference; lastKnownFileType = sourcecode.swift; path = SceneDelegate.swift; sourceTree = "<group>"; };
		5E6AAFBE2BCC3FD300EADFF3 /* Assets.xcassets */ = {isa = PBXFileReference; lastKnownFileType = folder.assetcatalog; path = Assets.xcassets; sourceTree = "<group>"; };
		5E6AAFC32BCC3FD300EADFF3 /* Info.plist */ = {isa = PBXFileReference; lastKnownFileType = text.plist.xml; path = Info.plist; sourceTree = "<group>"; };
		5E6AAFC82BCC3FD300EADFF3 /* Avito2024Tests.xctest */ = {isa = PBXFileReference; explicitFileType = wrapper.cfbundle; includeInIndex = 0; path = Avito2024Tests.xctest; sourceTree = BUILT_PRODUCTS_DIR; };
		5E6AAFCC2BCC3FD300EADFF3 /* Avito2024Tests.swift */ = {isa = PBXFileReference; lastKnownFileType = sourcecode.swift; path = Avito2024Tests.swift; sourceTree = "<group>"; };
		5E6AAFD22BCC3FD300EADFF3 /* Avito2024UITests.xctest */ = {isa = PBXFileReference; explicitFileType = wrapper.cfbundle; includeInIndex = 0; path = Avito2024UITests.xctest; sourceTree = BUILT_PRODUCTS_DIR; };
		5E6AAFD62BCC3FD300EADFF3 /* Avito2024UITests.swift */ = {isa = PBXFileReference; lastKnownFileType = sourcecode.swift; path = Avito2024UITests.swift; sourceTree = "<group>"; };
		5E6AAFE62BCC402500EADFF3 /* MediaItem.swift */ = {isa = PBXFileReference; lastKnownFileType = sourcecode.swift; path = MediaItem.swift; sourceTree = "<group>"; };
		5E6AAFE92BCC404100EADFF3 /* SearchViewController.swift */ = {isa = PBXFileReference; lastKnownFileType = sourcecode.swift; path = SearchViewController.swift; sourceTree = "<group>"; };
		5E6AAFEB2BCC405100EADFF3 /* DetailViewController.swift */ = {isa = PBXFileReference; lastKnownFileType = sourcecode.swift; path = DetailViewController.swift; sourceTree = "<group>"; };
		5E6AAFEE2BCC406B00EADFF3 /* SearchResultCell.swift */ = {isa = PBXFileReference; lastKnownFileType = sourcecode.swift; path = SearchResultCell.swift; sourceTree = "<group>"; };
		5E6AAFF12BCC408500EADFF3 /* NetworkService.swift */ = {isa = PBXFileReference; lastKnownFileType = sourcecode.swift; path = NetworkService.swift; sourceTree = "<group>"; };
		5E6AAFF32BCC409400EADFF3 /* loadImage.swift */ = {isa = PBXFileReference; lastKnownFileType = sourcecode.swift; path = loadImage.swift; sourceTree = "<group>"; };
		5E6AAFF52BCC40B200EADFF3 /* Constants.swift */ = {isa = PBXFileReference; lastKnownFileType = sourcecode.swift; path = Constants.swift; sourceTree = "<group>"; };
/* End PBXFileReference section */

/* Begin PBXFrameworksBuildPhase section */
		5E6AAFAF2BCC3FD100EADFF3 /* Frameworks */ = {
			isa = PBXFrameworksBuildPhase;
			buildActionMask = 2147483647;
			files = (
			);
			runOnlyForDeploymentPostprocessing = 0;
		};
		5E6AAFC52BCC3FD300EADFF3 /* Frameworks */ = {
			isa = PBXFrameworksBuildPhase;
			buildActionMask = 2147483647;
			files = (
			);
			runOnlyForDeploymentPostprocessing = 0;
		};
		5E6AAFCF2BCC3FD300EADFF3 /* Frameworks */ = {
			isa = PBXFrameworksBuildPhase;
			buildActionMask = 2147483647;
			files = (
			);
			runOnlyForDeploymentPostprocessing = 0;
		};
/* End PBXFrameworksBuildPhase section */

/* Begin PBXGroup section */
		5E6AAFA92BCC3FD100EADFF3 = {
			isa = PBXGroup;
			children = (
				5E6AAFB42BCC3FD100EADFF3 /* Avito2024 */,
				5E6AAFCB2BCC3FD300EADFF3 /* Avito2024Tests */,
				5E6AAFD52BCC3FD300EADFF3 /* Avito2024UITests */,
				5E6AAFB32BCC3FD100EADFF3 /* Products */,
			);
			sourceTree = "<group>";
		};
		5E6AAFB32BCC3FD100EADFF3 /* Products */ = {
			isa = PBXGroup;
			children = (
				5E6AAFB22BCC3FD100EADFF3 /* Avito2024.app */,
				5E6AAFC82BCC3FD300EADFF3 /* Avito2024Tests.xctest */,
				5E6AAFD22BCC3FD300EADFF3 /* Avito2024UITests.xctest */,
			);
			name = Products;
			sourceTree = "<group>";
		};
		5E6AAFB42BCC3FD100EADFF3 /* Avito2024 */ = {
			isa = PBXGroup;
			children = (
				5E6AAFB52BCC3FD100EADFF3 /* AppDelegate.swift */,
				5E6AAFB72BCC3FD100EADFF3 /* SceneDelegate.swift */,
				5E6AAFE52BCC401200EADFF3 /* Models */,
				5E6AAFF02BCC407A00EADFF3 /* Networking */,
				5E6AAFED2BCC405E00EADFF3 /* Views */,
				5E6AAFE82BCC403500EADFF3 /* ViewControllers */,
				5E6AAFF72BCC419800EADFF3 /* Utilities */,
				5E6AAFBE2BCC3FD300EADFF3 /* Assets.xcassets */,
				5E6AAFC32BCC3FD300EADFF3 /* Info.plist */,
			);
			path = Avito2024;
			sourceTree = "<group>";
		};
		5E6AAFCB2BCC3FD300EADFF3 /* Avito2024Tests */ = {
			isa = PBXGroup;
			children = (
				5E6AAFCC2BCC3FD300EADFF3 /* Avito2024Tests.swift */,
			);
			path = Avito2024Tests;
			sourceTree = "<group>";
		};
		5E6AAFD52BCC3FD300EADFF3 /* Avito2024UITests */ = {
			isa = PBXGroup;
			children = (
				5E6AAFD62BCC3FD300EADFF3 /* Avito2024UITests.swift */,
			);
			path = Avito2024UITests;
			sourceTree = "<group>";
		};
		5E6AAFE52BCC401200EADFF3 /* Models */ = {
			isa = PBXGroup;
			children = (
				5E6AAFE62BCC402500EADFF3 /* MediaItem.swift */,
			);
			path = Models;
			sourceTree = "<group>";
		};
		5E6AAFE82BCC403500EADFF3 /* ViewControllers */ = {
			isa = PBXGroup;
			children = (
				5E6AAFE92BCC404100EADFF3 /* SearchViewController.swift */,
				5E6AAFEB2BCC405100EADFF3 /* DetailViewController.swift */,
			);
			path = ViewControllers;
			sourceTree = "<group>";
		};
		5E6AAFED2BCC405E00EADFF3 /* Views */ = {
			isa = PBXGroup;
			children = (
				5E6AAFEE2BCC406B00EADFF3 /* SearchResultCell.swift */,
			);
			path = Views;
			sourceTree = "<group>";
		};
		5E6AAFF02BCC407A00EADFF3 /* Networking */ = {
			isa = PBXGroup;
			children = (
				5E6AAFF12BCC408500EADFF3 /* NetworkService.swift */,
				5E6AAFF32BCC409400EADFF3 /* loadImage.swift */,
			);
			path = Networking;
			sourceTree = "<group>";
		};
		5E6AAFF72BCC419800EADFF3 /* Utilities */ = {
			isa = PBXGroup;
			children = (
				5E6AAFF52BCC40B200EADFF3 /* Constants.swift */,
			);
			path = Utilities;
			sourceTree = "<group>";
		};
/* End PBXGroup section */

/* Begin PBXNativeTarget section */
		5E6AAFB12BCC3FD100EADFF3 /* Avito2024 */ = {
			isa = PBXNativeTarget;
			buildConfigurationList = 5E6AAFDC2BCC3FD300EADFF3 /* Build configuration list for PBXNativeTarget "Avito2024" */;
			buildPhases = (
				5E6AAFAE2BCC3FD100EADFF3 /* Sources */,
				5E6AAFAF2BCC3FD100EADFF3 /* Frameworks */,
				5E6AAFB02BCC3FD100EADFF3 /* Resources */,
			);
			buildRules = (
			);
			dependencies = (
			);
			name = Avito2024;
			productName = Avito2024;
			productReference = 5E6AAFB22BCC3FD100EADFF3 /* Avito2024.app */;
			productType = "com.apple.product-type.application";
		};
		5E6AAFC72BCC3FD300EADFF3 /* Avito2024Tests */ = {
			isa = PBXNativeTarget;
			buildConfigurationList = 5E6AAFDF2BCC3FD300EADFF3 /* Build configuration list for PBXNativeTarget "Avito2024Tests" */;
			buildPhases = (
				5E6AAFC42BCC3FD300EADFF3 /* Sources */,
				5E6AAFC52BCC3FD300EADFF3 /* Frameworks */,
				5E6AAFC62BCC3FD300EADFF3 /* Resources */,
			);
			buildRules = (
			);
			dependencies = (
				5E6AAFCA2BCC3FD300EADFF3 /* PBXTargetDependency */,
			);
			name = Avito2024Tests;
			productName = Avito2024Tests;
			productReference = 5E6AAFC82BCC3FD300EADFF3 /* Avito2024Tests.xctest */;
			productType = "com.apple.product-type.bundle.unit-test";
		};
		5E6AAFD12BCC3FD300EADFF3 /* Avito2024UITests */ = {
			isa = PBXNativeTarget;
			buildConfigurationList = 5E6AAFE22BCC3FD300EADFF3 /* Build configuration list for PBXNativeTarget "Avito2024UITests" */;
			buildPhases = (
				5E6AAFCE2BCC3FD300EADFF3 /* Sources */,
				5E6AAFCF2BCC3FD300EADFF3 /* Frameworks */,
				5E6AAFD02BCC3FD300EADFF3 /* Resources */,
			);
			buildRules = (
			);
			dependencies = (
				5E6AAFD42BCC3FD300EADFF3 /* PBXTargetDependency */,
			);
			name = Avito2024UITests;
			productName = Avito2024UITests;
			productReference = 5E6AAFD22BCC3FD300EADFF3 /* Avito2024UITests.xctest */;
			productType = "com.apple.product-type.bundle.ui-testing";
		};
/* End PBXNativeTarget section */

/* Begin PBXProject section */
		5E6AAFAA2BCC3FD100EADFF3 /* Project object */ = {
			isa = PBXProject;
			attributes = {
				BuildIndependentTargetsInParallel = 1;
				LastSwiftUpdateCheck = 1520;
				LastUpgradeCheck = 1520;
				TargetAttributes = {
					5E6AAFB12BCC3FD100EADFF3 = {
						CreatedOnToolsVersion = 15.2;
					};
					5E6AAFC72BCC3FD300EADFF3 = {
						CreatedOnToolsVersion = 15.2;
						TestTargetID = 5E6AAFB12BCC3FD100EADFF3;
					};
					5E6AAFD12BCC3FD300EADFF3 = {
						CreatedOnToolsVersion = 15.2;
						TestTargetID = 5E6AAFB12BCC3FD100EADFF3;
					};
				};
			};
			buildConfigurationList = 5E6AAFAD2BCC3FD100EADFF3 /* Build configuration list for PBXProject "Avito2024" */;
			compatibilityVersion = "Xcode 14.0";
			developmentRegion = en;
			hasScannedForEncodings = 0;
			knownRegions = (
				en,
				Base,
			);
			mainGroup = 5E6AAFA92BCC3FD100EADFF3;
			productRefGroup = 5E6AAFB32BCC3FD100EADFF3 /* Products */;
			projectDirPath = "";
			projectRoot = "";
			targets = (
				5E6AAFB12BCC3FD100EADFF3 /* Avito2024 */,
				5E6AAFC72BCC3FD300EADFF3 /* Avito2024Tests */,
				5E6AAFD12BCC3FD300EADFF3 /* Avito2024UITests */,
			);
		};
/* End PBXProject section */

/* Begin PBXResourcesBuildPhase section */
		5E6AAFB02BCC3FD100EADFF3 /* Resources */ = {
			isa = PBXResourcesBuildPhase;
			buildActionMask = 2147483647;
			files = (
				5E6AAFBF2BCC3FD300EADFF3 /* Assets.xcassets in Resources */,
			);
			runOnlyForDeploymentPostprocessing = 0;
		};
		5E6AAFC62BCC3FD300EADFF3 /* Resources */ = {
			isa = PBXResourcesBuildPhase;
			buildActionMask = 2147483647;
			files = (
			);
			runOnlyForDeploymentPostprocessing = 0;
		};
		5E6AAFD02BCC3FD300EADFF3 /* Resources */ = {
			isa = PBXResourcesBuildPhase;
			buildActionMask = 2147483647;
			files = (
			);
			runOnlyForDeploymentPostprocessing = 0;
		};
/* End PBXResourcesBuildPhase section */

/* Begin PBXSourcesBuildPhase section */
		5E6AAFAE2BCC3FD100EADFF3 /* Sources */ = {
			isa = PBXSourcesBuildPhase;
			buildActionMask = 2147483647;
			files = (
				5E6AAFF42BCC409400EADFF3 /* loadImage.swift in Sources */,
				5E6AAFEF2BCC406B00EADFF3 /* SearchResultCell.swift in Sources */,
				5E6AAFEA2BCC404100EADFF3 /* SearchViewController.swift in Sources */,
				5E6AAFF22BCC408500EADFF3 /* NetworkService.swift in Sources */,
				5E6AAFF62BCC40B200EADFF3 /* Constants.swift in Sources */,
				5E6AAFE72BCC402500EADFF3 /* MediaItem.swift in Sources */,
				5E6AAFEC2BCC405100EADFF3 /* DetailViewController.swift in Sources */,
				5E6AAFB62BCC3FD100EADFF3 /* AppDelegate.swift in Sources */,
				5E6AAFB82BCC3FD100EADFF3 /* SceneDelegate.swift in Sources */,
			);
			runOnlyForDeploymentPostprocessing = 0;
		};
		5E6AAFC42BCC3FD300EADFF3 /* Sources */ = {
			isa = PBXSourcesBuildPhase;
			buildActionMask = 2147483647;
			files = (
				5E6AAFCD2BCC3FD300EADFF3 /* Avito2024Tests.swift in Sources */,
			);
			runOnlyForDeploymentPostprocessing = 0;
		};
		5E6AAFCE2BCC3FD300EADFF3 /* Sources */ = {
			isa = PBXSourcesBuildPhase;
			buildActionMask = 2147483647;
			files = (
				5E6AAFD72BCC3FD300EADFF3 /* Avito2024UITests.swift in Sources */,
			);
			runOnlyForDeploymentPostprocessing = 0;
		};
/* End PBXSourcesBuildPhase section */

/* Begin PBXTargetDependency section */
		5E6AAFCA2BCC3FD300EADFF3 /* PBXTargetDependency */ = {
			isa = PBXTargetDependency;
			target = 5E6AAFB12BCC3FD100EADFF3 /* Avito2024 */;
			targetProxy = 5E6AAFC92BCC3FD300EADFF3 /* PBXContainerItemProxy */;
		};
		5E6AAFD42BCC3FD300EADFF3 /* PBXTargetDependency */ = {
			isa = PBXTargetDependency;
			target = 5E6AAFB12BCC3FD100EADFF3 /* Avito2024 */;
			targetProxy = 5E6AAFD32BCC3FD300EADFF3 /* PBXContainerItemProxy */;
		};
/* End PBXTargetDependency section */

/* Begin XCBuildConfiguration section */
		5E6AAFDA2BCC3FD300EADFF3 /* Debug */ = {
			isa = XCBuildConfiguration;
			buildSettings = {
				ALWAYS_SEARCH_USER_PATHS = NO;
				ASSETCATALOG_COMPILER_GENERATE_SWIFT_ASSET_SYMBOL_EXTENSIONS = YES;
				CLANG_ANALYZER_NONNULL = YES;
				CLANG_ANALYZER_NUMBER_OBJECT_CONVERSION = YES_AGGRESSIVE;
				CLANG_CXX_LANGUAGE_STANDARD = "gnu++20";
				CLANG_ENABLE_MODULES = YES;
				CLANG_ENABLE_OBJC_ARC = YES;
				CLANG_ENABLE_OBJC_WEAK = YES;
				CLANG_WARN_BLOCK_CAPTURE_AUTORELEASING = YES;
				CLANG_WARN_BOOL_CONVERSION = YES;
				CLANG_WARN_COMMA = YES;
				CLANG_WARN_CONSTANT_CONVERSION = YES;
				CLANG_WARN_DEPRECATED_OBJC_IMPLEMENTATIONS = YES;
				CLANG_WARN_DIRECT_OBJC_ISA_USAGE = YES_ERROR;
				CLANG_WARN_DOCUMENTATION_COMMENTS = YES;
				CLANG_WARN_EMPTY_BODY = YES;
				CLANG_WARN_ENUM_CONVERSION = YES;
				CLANG_WARN_INFINITE_RECURSION = YES;
				CLANG_WARN_INT_CONVERSION = YES;
				CLANG_WARN_NON_LITERAL_NULL_CONVERSION = YES;
				CLANG_WARN_OBJC_IMPLICIT_RETAIN_SELF = YES;
				CLANG_WARN_OBJC_LITERAL_CONVERSION = YES;
				CLANG_WARN_OBJC_ROOT_CLASS = YES_ERROR;
				CLANG_WARN_QUOTED_INCLUDE_IN_FRAMEWORK_HEADER = YES;
				CLANG_WARN_RANGE_LOOP_ANALYSIS = YES;
				CLANG_WARN_STRICT_PROTOTYPES = YES;
				CLANG_WARN_SUSPICIOUS_MOVE = YES;
				CLANG_WARN_UNGUARDED_AVAILABILITY = YES_AGGRESSIVE;
				CLANG_WARN_UNREACHABLE_CODE = YES;
				CLANG_WARN__DUPLICATE_METHOD_MATCH = YES;
				COPY_PHASE_STRIP = NO;
				DEBUG_INFORMATION_FORMAT = dwarf;
				ENABLE_STRICT_OBJC_MSGSEND = YES;
				ENABLE_TESTABILITY = YES;
				ENABLE_USER_SCRIPT_SANDBOXING = YES;
				GCC_C_LANGUAGE_STANDARD = gnu17;
				GCC_DYNAMIC_NO_PIC = NO;
				GCC_NO_COMMON_BLOCKS = YES;
				GCC_OPTIMIZATION_LEVEL = 0;
				GCC_PREPROCESSOR_DEFINITIONS = (
					"DEBUG=1",
					"$(inherited)",
				);
				GCC_WARN_64_TO_32_BIT_CONVERSION = YES;
				GCC_WARN_ABOUT_RETURN_TYPE = YES_ERROR;
				GCC_WARN_UNDECLARED_SELECTOR = YES;
				GCC_WARN_UNINITIALIZED_AUTOS = YES_AGGRESSIVE;
				GCC_WARN_UNUSED_FUNCTION = YES;
				GCC_WARN_UNUSED_VARIABLE = YES;
				IPHONEOS_DEPLOYMENT_TARGET = 17.2;
				LOCALIZATION_PREFERS_STRING_CATALOGS = YES;
				MTL_ENABLE_DEBUG_INFO = INCLUDE_SOURCE;
				MTL_FAST_MATH = YES;
				ONLY_ACTIVE_ARCH = YES;
				SDKROOT = iphoneos;
				SWIFT_ACTIVE_COMPILATION_CONDITIONS = "DEBUG $(inherited)";
				SWIFT_OPTIMIZATION_LEVEL = "-Onone";
			};
			name = Debug;
		};
		5E6AAFDB2BCC3FD300EADFF3 /* Release */ = {
			isa = XCBuildConfiguration;
			buildSettings = {
				ALWAYS_SEARCH_USER_PATHS = NO;
				ASSETCATALOG_COMPILER_GENERATE_SWIFT_ASSET_SYMBOL_EXTENSIONS = YES;
				CLANG_ANALYZER_NONNULL = YES;
				CLANG_ANALYZER_NUMBER_OBJECT_CONVERSION = YES_AGGRESSIVE;
				CLANG_CXX_LANGUAGE_STANDARD = "gnu++20";
				CLANG_ENABLE_MODULES = YES;
				CLANG_ENABLE_OBJC_ARC = YES;
				CLANG_ENABLE_OBJC_WEAK = YES;
				CLANG_WARN_BLOCK_CAPTURE_AUTORELEASING = YES;
				CLANG_WARN_BOOL_CONVERSION = YES;
				CLANG_WARN_COMMA = YES;
				CLANG_WARN_CONSTANT_CONVERSION = YES;
				CLANG_WARN_DEPRECATED_OBJC_IMPLEMENTATIONS = YES;
				CLANG_WARN_DIRECT_OBJC_ISA_USAGE = YES_ERROR;
				CLANG_WARN_DOCUMENTATION_COMMENTS = YES;
				CLANG_WARN_EMPTY_BODY = YES;
				CLANG_WARN_ENUM_CONVERSION = YES;
				CLANG_WARN_INFINITE_RECURSION = YES;
				CLANG_WARN_INT_CONVERSION = YES;
				CLANG_WARN_NON_LITERAL_NULL_CONVERSION = YES;
				CLANG_WARN_OBJC_IMPLICIT_RETAIN_SELF = YES;
				CLANG_WARN_OBJC_LITERAL_CONVERSION = YES;
				CLANG_WARN_OBJC_ROOT_CLASS = YES_ERROR;
				CLANG_WARN_QUOTED_INCLUDE_IN_FRAMEWORK_HEADER = YES;
				CLANG_WARN_RANGE_LOOP_ANALYSIS = YES;
				CLANG_WARN_STRICT_PROTOTYPES = YES;
				CLANG_WARN_SUSPICIOUS_MOVE = YES;
				CLANG_WARN_UNGUARDED_AVAILABILITY = YES_AGGRESSIVE;
				CLANG_WARN_UNREACHABLE_CODE = YES;
				CLANG_WARN__DUPLICATE_METHOD_MATCH = YES;
				COPY_PHASE_STRIP = NO;
				DEBUG_INFORMATION_FORMAT = "dwarf-with-dsym";
				ENABLE_NS_ASSERTIONS = NO;
				ENABLE_STRICT_OBJC_MSGSEND = YES;
				ENABLE_USER_SCRIPT_SANDBOXING = YES;
				GCC_C_LANGUAGE_STANDARD = gnu17;
				GCC_NO_COMMON_BLOCKS = YES;
				GCC_WARN_64_TO_32_BIT_CONVERSION = YES;
				GCC_WARN_ABOUT_RETURN_TYPE = YES_ERROR;
				GCC_WARN_UNDECLARED_SELECTOR = YES;
				GCC_WARN_UNINITIALIZED_AUTOS = YES_AGGRESSIVE;
				GCC_WARN_UNUSED_FUNCTION = YES;
				GCC_WARN_UNUSED_VARIABLE = YES;
				IPHONEOS_DEPLOYMENT_TARGET = 17.2;
				LOCALIZATION_PREFERS_STRING_CATALOGS = YES;
				MTL_ENABLE_DEBUG_INFO = NO;
				MTL_FAST_MATH = YES;
				SDKROOT = iphoneos;
				SWIFT_COMPILATION_MODE = wholemodule;
				VALIDATE_PRODUCT = YES;
			};
			name = Release;
		};
		5E6AAFDD2BCC3FD300EADFF3 /* Debug */ = {
			isa = XCBuildConfiguration;
			buildSettings = {
				ASSETCATALOG_COMPILER_APPICON_NAME = AppIcon;
				ASSETCATALOG_COMPILER_GLOBAL_ACCENT_COLOR_NAME = AccentColor;
				CODE_SIGN_STYLE = Automatic;
				CURRENT_PROJECT_VERSION = 1;
				DEVELOPMENT_TEAM = YK49B357PZ;
				GENERATE_INFOPLIST_FILE = YES;
				INFOPLIST_FILE = Avito2024/Info.plist;
				INFOPLIST_KEY_UIApplicationSupportsIndirectInputEvents = YES;
				INFOPLIST_KEY_UISupportedInterfaceOrientations_iPad = "UIInterfaceOrientationPortrait UIInterfaceOrientationPortraitUpsideDown UIInterfaceOrientationLandscapeLeft UIInterfaceOrientationLandscapeRight";
				INFOPLIST_KEY_UISupportedInterfaceOrientations_iPhone = "UIInterfaceOrientationPortrait UIInterfaceOrientationLandscapeLeft UIInterfaceOrientationLandscapeRight";
				LD_RUNPATH_SEARCH_PATHS = (
					"$(inherited)",
					"@executable_path/Frameworks",
				);
				MARKETING_VERSION = 1.0;
				PRODUCT_BUNDLE_IDENTIFIER = "-.Avito2024";
				PRODUCT_NAME = "$(TARGET_NAME)";
				SWIFT_EMIT_LOC_STRINGS = YES;
				SWIFT_VERSION = 5.0;
				TARGETED_DEVICE_FAMILY = "1,2";
			};
			name = Debug;
		};
		5E6AAFDE2BCC3FD300EADFF3 /* Release */ = {
			isa = XCBuildConfiguration;
			buildSettings = {
				ASSETCATALOG_COMPILER_APPICON_NAME = AppIcon;
				ASSETCATALOG_COMPILER_GLOBAL_ACCENT_COLOR_NAME = AccentColor;
				CODE_SIGN_STYLE = Automatic;
				CURRENT_PROJECT_VERSION = 1;
				DEVELOPMENT_TEAM = YK49B357PZ;
				GENERATE_INFOPLIST_FILE = YES;
				INFOPLIST_FILE = Avito2024/Info.plist;
				INFOPLIST_KEY_UIApplicationSupportsIndirectInputEvents = YES;
				INFOPLIST_KEY_UISupportedInterfaceOrientations_iPad = "UIInterfaceOrientationPortrait UIInterfaceOrientationPortraitUpsideDown UIInterfaceOrientationLandscapeLeft UIInterfaceOrientationLandscapeRight";
				INFOPLIST_KEY_UISupportedInterfaceOrientations_iPhone = "UIInterfaceOrientationPortrait UIInterfaceOrientationLandscapeLeft UIInterfaceOrientationLandscapeRight";
				LD_RUNPATH_SEARCH_PATHS = (
					"$(inherited)",
					"@executable_path/Frameworks",
				);
				MARKETING_VERSION = 1.0;
				PRODUCT_BUNDLE_IDENTIFIER = "-.Avito2024";
				PRODUCT_NAME = "$(TARGET_NAME)";
				SWIFT_EMIT_LOC_STRINGS = YES;
				SWIFT_VERSION = 5.0;
				TARGETED_DEVICE_FAMILY = "1,2";
			};
			name = Release;
		};
		5E6AAFE02BCC3FD300EADFF3 /* Debug */ = {
			isa = XCBuildConfiguration;
			buildSettings = {
				ALWAYS_EMBED_SWIFT_STANDARD_LIBRARIES = YES;
				BUNDLE_LOADER = "$(TEST_HOST)";
				CODE_SIGN_STYLE = Automatic;
				CURRENT_PROJECT_VERSION = 1;
				DEVELOPMENT_TEAM = YK49B357PZ;
				GENERATE_INFOPLIST_FILE = YES;
				IPHONEOS_DEPLOYMENT_TARGET = 17.2;
				MARKETING_VERSION = 1.0;
				PRODUCT_BUNDLE_IDENTIFIER = "-.Avito2024Tests";
				PRODUCT_NAME = "$(TARGET_NAME)";
				SWIFT_EMIT_LOC_STRINGS = NO;
				SWIFT_VERSION = 5.0;
				TARGETED_DEVICE_FAMILY = "1,2";
				TEST_HOST = "$(BUILT_PRODUCTS_DIR)/Avito2024.app/$(BUNDLE_EXECUTABLE_FOLDER_PATH)/Avito2024";
			};
			name = Debug;
		};
		5E6AAFE12BCC3FD300EADFF3 /* Release */ = {
			isa = XCBuildConfiguration;
			buildSettings = {
				ALWAYS_EMBED_SWIFT_STANDARD_LIBRARIES = YES;
				BUNDLE_LOADER = "$(TEST_HOST)";
				CODE_SIGN_STYLE = Automatic;
				CURRENT_PROJECT_VERSION = 1;
				DEVELOPMENT_TEAM = YK49B357PZ;
				GENERATE_INFOPLIST_FILE = YES;
				IPHONEOS_DEPLOYMENT_TARGET = 17.2;
				MARKETING_VERSION = 1.0;
				PRODUCT_BUNDLE_IDENTIFIER = "-.Avito2024Tests";
				PRODUCT_NAME = "$(TARGET_NAME)";
				SWIFT_EMIT_LOC_STRINGS = NO;
				SWIFT_VERSION = 5.0;
				TARGETED_DEVICE_FAMILY = "1,2";
				TEST_HOST = "$(BUILT_PRODUCTS_DIR)/Avito2024.app/$(BUNDLE_EXECUTABLE_FOLDER_PATH)/Avito2024";
			};
			name = Release;
		};
		5E6AAFE32BCC3FD300EADFF3 /* Debug */ = {
			isa = XCBuildConfiguration;
			buildSettings = {
				ALWAYS_EMBED_SWIFT_STANDARD_LIBRARIES = YES;
				CODE_SIGN_STYLE = Automatic;
				CURRENT_PROJECT_VERSION = 1;
				DEVELOPMENT_TEAM = YK49B357PZ;
				GENERATE_INFOPLIST_FILE = YES;
				MARKETING_VERSION = 1.0;
				PRODUCT_BUNDLE_IDENTIFIER = "-.Avito2024UITests";
				PRODUCT_NAME = "$(TARGET_NAME)";
				SWIFT_EMIT_LOC_STRINGS = NO;
				SWIFT_VERSION = 5.0;
				TARGETED_DEVICE_FAMILY = "1,2";
				TEST_TARGET_NAME = Avito2024;
			};
			name = Debug;
		};
		5E6AAFE42BCC3FD300EADFF3 /* Release */ = {
			isa = XCBuildConfiguration;
			buildSettings = {
				ALWAYS_EMBED_SWIFT_STANDARD_LIBRARIES = YES;
				CODE_SIGN_STYLE = Automatic;
				CURRENT_PROJECT_VERSION = 1;
				DEVELOPMENT_TEAM = YK49B357PZ;
				GENERATE_INFOPLIST_FILE = YES;
				MARKETING_VERSION = 1.0;
				PRODUCT_BUNDLE_IDENTIFIER = "-.Avito2024UITests";
				PRODUCT_NAME = "$(TARGET_NAME)";
				SWIFT_EMIT_LOC_STRINGS = NO;
				SWIFT_VERSION = 5.0;
				TARGETED_DEVICE_FAMILY = "1,2";
				TEST_TARGET_NAME = Avito2024;
			};
			name = Release;
		};
/* End XCBuildConfiguration section */

/* Begin XCConfigurationList section */
		5E6AAFAD2BCC3FD100EADFF3 /* Build configuration list for PBXProject "Avito2024" */ = {
			isa = XCConfigurationList;
			buildConfigurations = (
				5E6AAFDA2BCC3FD300EADFF3 /* Debug */,
				5E6AAFDB2BCC3FD300EADFF3 /* Release */,
			);
			defaultConfigurationIsVisible = 0;
			defaultConfigurationName = Release;
		};
		5E6AAFDC2BCC3FD300EADFF3 /* Build configuration list for PBXNativeTarget "Avito2024" */ = {
			isa = XCConfigurationList;
			buildConfigurations = (
				5E6AAFDD2BCC3FD300EADFF3 /* Debug */,
				5E6AAFDE2BCC3FD300EADFF3 /* Release */,
			);
			defaultConfigurationIsVisible = 0;
			defaultConfigurationName = Release;
		};
		5E6AAFDF2BCC3FD300EADFF3 /* Build configuration list for PBXNativeTarget "Avito2024Tests" */ = {
			isa = XCConfigurationList;
			buildConfigurations = (
				5E6AAFE02BCC3FD300EADFF3 /* Debug */,
				5E6AAFE12BCC3FD300EADFF3 /* Release */,
			);
			defaultConfigurationIsVisible = 0;
			defaultConfigurationName = Release;
		};
		5E6AAFE22BCC3FD300EADFF3 /* Build configuration list for PBXNativeTarget "Avito2024UITests" */ = {
			isa = XCConfigurationList;
			buildConfigurations = (
				5E6AAFE32BCC3FD300EADFF3 /* Debug */,
				5E6AAFE42BCC3FD300EADFF3 /* Release */,
			);
			defaultConfigurationIsVisible = 0;
			defaultConfigurationName = Release;
		};
/* End XCConfigurationList section */
	};
	rootObject = 5E6AAFAA2BCC3FD100EADFF3 /* Project object */;
}
